// !$*UTF8*$!
{
	archiveVersion = 1;
	classes = {
	};
	objectVersion = 56;
	objects = {

/* Begin PBXBuildFile section */
		1F872CAB3DE4F6AA4E78D85A /* Pods_MVP_ZhihuDaily.framework in Frameworks */ = {isa = PBXBuildFile; fileRef = 6718139F5D6AAE41EF3CA3AB /* Pods_MVP_ZhihuDaily.framework */; };
		B5B7D9C329DAD059008464C4 /* MainVC.m in Sources */ = {isa = PBXBuildFile; fileRef = B5B7D9C229DAD059008464C4 /* MainVC.m */; };
		B5B7D9CD29DAD0F2008464C4 /* MainPresenter.m in Sources */ = {isa = PBXBuildFile; fileRef = B5B7D9CC29DAD0F2008464C4 /* MainPresenter.m */; };
		B5B7D9D229DADAAD008464C4 /* NetworkManager.m in Sources */ = {isa = PBXBuildFile; fileRef = B5B7D9D129DADAAD008464C4 /* NetworkManager.m */; };
		B5B7D9D529DAFD89008464C4 /* DataModel.m in Sources */ = {isa = PBXBuildFile; fileRef = B5B7D9D429DAFD89008464C4 /* DataModel.m */; };
		B5B7D9D829DAFE55008464C4 /* BannerDataModel.m in Sources */ = {isa = PBXBuildFile; fileRef = B5B7D9D729DAFE55008464C4 /* BannerDataModel.m */; };
		B5B7D9DB29DB00E8008464C4 /* DayModel.m in Sources */ = {isa = PBXBuildFile; fileRef = B5B7D9DA29DB00E8008464C4 /* DayModel.m */; };
		B5C02FD229D5BAF200004953 /* AppDelegate.m in Sources */ = {isa = PBXBuildFile; fileRef = B5C02FD129D5BAF200004953 /* AppDelegate.m */; };
		B5C02FDB29D5BAF200004953 /* Main.storyboard in Resources */ = {isa = PBXBuildFile; fileRef = B5C02FD929D5BAF200004953 /* Main.storyboard */; };
		B5C02FDD29D5BAF300004953 /* Assets.xcassets in Resources */ = {isa = PBXBuildFile; fileRef = B5C02FDC29D5BAF300004953 /* Assets.xcassets */; };
		B5C02FE029D5BAF300004953 /* LaunchScreen.storyboard in Resources */ = {isa = PBXBuildFile; fileRef = B5C02FDE29D5BAF300004953 /* LaunchScreen.storyboard */; };
		B5C02FE329D5BAF300004953 /* main.m in Sources */ = {isa = PBXBuildFile; fileRef = B5C02FE229D5BAF300004953 /* main.m */; };
		B5FE3A6929DBEA9B00231578 /* NewsModel.m in Sources */ = {isa = PBXBuildFile; fileRef = B5FE3A6829DBEA9B00231578 /* NewsModel.m */; };
		B5FE3A7529DD6CE300231578 /* NewsData.m in Sources */ = {isa = PBXBuildFile; fileRef = B5FE3A7429DD6CE300231578 /* NewsData.m */; };
		B5FE3A7829DDA4C700231578 /* MainTableViewCell.m in Sources */ = {isa = PBXBuildFile; fileRef = B5FE3A7729DDA4C700231578 /* MainTableViewCell.m */; };
		B5FE3A7B29DEEA3300231578 /* DateHeaderView.m in Sources */ = {isa = PBXBuildFile; fileRef = B5FE3A7A29DEEA3300231578 /* DateHeaderView.m */; };
		B5FE3A8129DEFDE400231578 /* TopView.m in Sources */ = {isa = PBXBuildFile; fileRef = B5FE3A8029DEFDE400231578 /* TopView.m */; };
		B5FE3A8529DF08FE00231578 /* NSDate+Day.m in Sources */ = {isa = PBXBuildFile; fileRef = B5FE3A8329DF08FE00231578 /* NSDate+Day.m */; };
		B5FE3A8C29DFF19300231578 /* BannerCollectionView.m in Sources */ = {isa = PBXBuildFile; fileRef = B5FE3A8B29DFF19300231578 /* BannerCollectionView.m */; };
		B5FE3A9029DFF40B00231578 /* BannerCollectionViewCell.m in Sources */ = {isa = PBXBuildFile; fileRef = B5FE3A8F29DFF40B00231578 /* BannerCollectionViewCell.m */; };
/* End PBXBuildFile section */

/* Begin PBXFileReference section */
		0CA026635B163035039F8F4E /* Pods-MVP_ZhihuDaily.release.xcconfig */ = {isa = PBXFileReference; includeInIndex = 1; lastKnownFileType = text.xcconfig; name = "Pods-MVP_ZhihuDaily.release.xcconfig"; path = "Target Support Files/Pods-MVP_ZhihuDaily/Pods-MVP_ZhihuDaily.release.xcconfig"; sourceTree = "<group>"; };
		463DA45134D334838AE1D042 /* Pods-MVP_ZhihuDaily.debug.xcconfig */ = {isa = PBXFileReference; includeInIndex = 1; lastKnownFileType = text.xcconfig; name = "Pods-MVP_ZhihuDaily.debug.xcconfig"; path = "Target Support Files/Pods-MVP_ZhihuDaily/Pods-MVP_ZhihuDaily.debug.xcconfig"; sourceTree = "<group>"; };
		6718139F5D6AAE41EF3CA3AB /* Pods_MVP_ZhihuDaily.framework */ = {isa = PBXFileReference; explicitFileType = wrapper.framework; includeInIndex = 0; path = Pods_MVP_ZhihuDaily.framework; sourceTree = BUILT_PRODUCTS_DIR; };
		B5B7D9C129DAD059008464C4 /* MainVC.h */ = {isa = PBXFileReference; lastKnownFileType = sourcecode.c.h; path = MainVC.h; sourceTree = "<group>"; };
		B5B7D9C229DAD059008464C4 /* MainVC.m */ = {isa = PBXFileReference; lastKnownFileType = sourcecode.c.objc; path = MainVC.m; sourceTree = "<group>"; };
		B5B7D9CB29DAD0F2008464C4 /* MainPresenter.h */ = {isa = PBXFileReference; lastKnownFileType = sourcecode.c.h; path = MainPresenter.h; sourceTree = "<group>"; };
		B5B7D9CC29DAD0F2008464C4 /* MainPresenter.m */ = {isa = PBXFileReference; lastKnownFileType = sourcecode.c.objc; path = MainPresenter.m; sourceTree = "<group>"; };
		B5B7D9D029DADAAD008464C4 /* NetworkManager.h */ = {isa = PBXFileReference; lastKnownFileType = sourcecode.c.h; path = NetworkManager.h; sourceTree = "<group>"; };
		B5B7D9D129DADAAD008464C4 /* NetworkManager.m */ = {isa = PBXFileReference; lastKnownFileType = sourcecode.c.objc; path = NetworkManager.m; sourceTree = "<group>"; };
		B5B7D9D329DAFD89008464C4 /* DataModel.h */ = {isa = PBXFileReference; lastKnownFileType = sourcecode.c.h; path = DataModel.h; sourceTree = "<group>"; };
		B5B7D9D429DAFD89008464C4 /* DataModel.m */ = {isa = PBXFileReference; lastKnownFileType = sourcecode.c.objc; path = DataModel.m; sourceTree = "<group>"; };
		B5B7D9D629DAFE55008464C4 /* BannerDataModel.h */ = {isa = PBXFileReference; lastKnownFileType = sourcecode.c.h; path = BannerDataModel.h; sourceTree = "<group>"; };
		B5B7D9D729DAFE55008464C4 /* BannerDataModel.m */ = {isa = PBXFileReference; lastKnownFileType = sourcecode.c.objc; path = BannerDataModel.m; sourceTree = "<group>"; };
		B5B7D9D929DB00E8008464C4 /* DayModel.h */ = {isa = PBXFileReference; lastKnownFileType = sourcecode.c.h; path = DayModel.h; sourceTree = "<group>"; };
		B5B7D9DA29DB00E8008464C4 /* DayModel.m */ = {isa = PBXFileReference; lastKnownFileType = sourcecode.c.objc; path = DayModel.m; sourceTree = "<group>"; };
		B5C02FCD29D5BAF200004953 /* MVP_ZhihuDaily.app */ = {isa = PBXFileReference; explicitFileType = wrapper.application; includeInIndex = 0; path = MVP_ZhihuDaily.app; sourceTree = BUILT_PRODUCTS_DIR; };
		B5C02FD029D5BAF200004953 /* AppDelegate.h */ = {isa = PBXFileReference; lastKnownFileType = sourcecode.c.h; path = AppDelegate.h; sourceTree = "<group>"; };
		B5C02FD129D5BAF200004953 /* AppDelegate.m */ = {isa = PBXFileReference; lastKnownFileType = sourcecode.c.objc; path = AppDelegate.m; sourceTree = "<group>"; };
		B5C02FDA29D5BAF200004953 /* Base */ = {isa = PBXFileReference; lastKnownFileType = file.storyboard; name = Base; path = Base.lproj/Main.storyboard; sourceTree = "<group>"; };
		B5C02FDC29D5BAF300004953 /* Assets.xcassets */ = {isa = PBXFileReference; lastKnownFileType = folder.assetcatalog; path = Assets.xcassets; sourceTree = "<group>"; };
		B5C02FDF29D5BAF300004953 /* Base */ = {isa = PBXFileReference; lastKnownFileType = file.storyboard; name = Base; path = Base.lproj/LaunchScreen.storyboard; sourceTree = "<group>"; };
		B5C02FE129D5BAF300004953 /* Info.plist */ = {isa = PBXFileReference; lastKnownFileType = text.plist.xml; path = Info.plist; sourceTree = "<group>"; };
		B5C02FE229D5BAF300004953 /* main.m */ = {isa = PBXFileReference; lastKnownFileType = sourcecode.c.objc; path = main.m; sourceTree = "<group>"; };
		B5C02FE929D5BD5900004953 /* PrefixHeader.pch */ = {isa = PBXFileReference; lastKnownFileType = sourcecode.c.h; path = PrefixHeader.pch; sourceTree = "<group>"; };
		B5FE3A6729DBEA9B00231578 /* NewsModel.h */ = {isa = PBXFileReference; lastKnownFileType = sourcecode.c.h; path = NewsModel.h; sourceTree = "<group>"; };
		B5FE3A6829DBEA9B00231578 /* NewsModel.m */ = {isa = PBXFileReference; lastKnownFileType = sourcecode.c.objc; path = NewsModel.m; sourceTree = "<group>"; };
		B5FE3A6E29DC585200231578 /* MainProtocol.h */ = {isa = PBXFileReference; lastKnownFileType = sourcecode.c.h; path = MainProtocol.h; sourceTree = "<group>"; };
		B5FE3A7329DD6CE300231578 /* NewsData.h */ = {isa = PBXFileReference; lastKnownFileType = sourcecode.c.h; path = NewsData.h; sourceTree = "<group>"; };
		B5FE3A7429DD6CE300231578 /* NewsData.m */ = {isa = PBXFileReference; lastKnownFileType = sourcecode.c.objc; path = NewsData.m; sourceTree = "<group>"; };
		B5FE3A7629DDA4C700231578 /* MainTableViewCell.h */ = {isa = PBXFileReference; lastKnownFileType = sourcecode.c.h; path = MainTableViewCell.h; sourceTree = "<group>"; };
		B5FE3A7729DDA4C700231578 /* MainTableViewCell.m */ = {isa = PBXFileReference; lastKnownFileType = sourcecode.c.objc; path = MainTableViewCell.m; sourceTree = "<group>"; };
		B5FE3A7929DEEA3300231578 /* DateHeaderView.h */ = {isa = PBXFileReference; lastKnownFileType = sourcecode.c.h; path = DateHeaderView.h; sourceTree = "<group>"; };
		B5FE3A7A29DEEA3300231578 /* DateHeaderView.m */ = {isa = PBXFileReference; lastKnownFileType = sourcecode.c.objc; path = DateHeaderView.m; sourceTree = "<group>"; };
		B5FE3A7F29DEFDE400231578 /* TopView.h */ = {isa = PBXFileReference; lastKnownFileType = sourcecode.c.h; path = TopView.h; sourceTree = "<group>"; };
		B5FE3A8029DEFDE400231578 /* TopView.m */ = {isa = PBXFileReference; lastKnownFileType = sourcecode.c.objc; path = TopView.m; sourceTree = "<group>"; };
		B5FE3A8329DF08FE00231578 /* NSDate+Day.m */ = {isa = PBXFileReference; fileEncoding = 4; lastKnownFileType = sourcecode.c.objc; path = "NSDate+Day.m"; sourceTree = "<group>"; };
		B5FE3A8429DF08FE00231578 /* NSDate+Day.h */ = {isa = PBXFileReference; fileEncoding = 4; lastKnownFileType = sourcecode.c.h; path = "NSDate+Day.h"; sourceTree = "<group>"; };
		B5FE3A8A29DFF19300231578 /* BannerCollectionView.h */ = {isa = PBXFileReference; lastKnownFileType = sourcecode.c.h; path = BannerCollectionView.h; sourceTree = "<group>"; };
		B5FE3A8B29DFF19300231578 /* BannerCollectionView.m */ = {isa = PBXFileReference; lastKnownFileType = sourcecode.c.objc; path = BannerCollectionView.m; sourceTree = "<group>"; };
		B5FE3A8E29DFF40B00231578 /* BannerCollectionViewCell.h */ = {isa = PBXFileReference; lastKnownFileType = sourcecode.c.h; path = BannerCollectionViewCell.h; sourceTree = "<group>"; };
		B5FE3A8F29DFF40B00231578 /* BannerCollectionViewCell.m */ = {isa = PBXFileReference; lastKnownFileType = sourcecode.c.objc; path = BannerCollectionViewCell.m; sourceTree = "<group>"; };
/* End PBXFileReference section */

/* Begin PBXFrameworksBuildPhase section */
		B5C02FCA29D5BAF200004953 /* Frameworks */ = {
			isa = PBXFrameworksBuildPhase;
			buildActionMask = 2147483647;
			files = (
				1F872CAB3DE4F6AA4E78D85A /* Pods_MVP_ZhihuDaily.framework in Frameworks */,
			);
			runOnlyForDeploymentPostprocessing = 0;
		};
/* End PBXFrameworksBuildPhase section */

/* Begin PBXGroup section */
		B5B7D9C429DAD060008464C4 /* MainPage */ = {
			isa = PBXGroup;
			children = (
				B5B7D9CA29DAD0B7008464C4 /* Presenter */,
				B5FE3A7229DD6C3A00231578 /* Protocol */,
				B5B7D9C529DAD073008464C4 /* VC */,
				B5B7D9C629DAD080008464C4 /* View */,
				B5B7D9CE29DAD9E7008464C4 /* Model */,
				B5B7D9CF29DADA8C008464C4 /* Tool */,
			);
			path = MainPage;
			sourceTree = "<group>";
		};
		B5B7D9C529DAD073008464C4 /* VC */ = {
			isa = PBXGroup;
			children = (
				B5B7D9C129DAD059008464C4 /* MainVC.h */,
				B5B7D9C229DAD059008464C4 /* MainVC.m */,
			);
			path = VC;
			sourceTree = "<group>";
		};
		B5B7D9C629DAD080008464C4 /* View */ = {
			isa = PBXGroup;
			children = (
				B5FE3A8629DFF15600231578 /* banner */,
				B5FE3A7E29DEFDD200231578 /* TopView */,
				B5FE3A7C29DEEA3A00231578 /* cell */,
				B5FE3A7D29DEEA4400231578 /* date */,
			);
			path = View;
			sourceTree = "<group>";
		};
		B5B7D9CA29DAD0B7008464C4 /* Presenter */ = {
			isa = PBXGroup;
			children = (
				B5B7D9CB29DAD0F2008464C4 /* MainPresenter.h */,
				B5B7D9CC29DAD0F2008464C4 /* MainPresenter.m */,
			);
			path = Presenter;
			sourceTree = "<group>";
		};
		B5B7D9CE29DAD9E7008464C4 /* Model */ = {
			isa = PBXGroup;
			children = (
				B5FE3A6729DBEA9B00231578 /* NewsModel.h */,
				B5FE3A6829DBEA9B00231578 /* NewsModel.m */,
				B5B7D9D929DB00E8008464C4 /* DayModel.h */,
				B5B7D9DA29DB00E8008464C4 /* DayModel.m */,
				B5B7D9D329DAFD89008464C4 /* DataModel.h */,
				B5B7D9D429DAFD89008464C4 /* DataModel.m */,
				B5B7D9D629DAFE55008464C4 /* BannerDataModel.h */,
				B5B7D9D729DAFE55008464C4 /* BannerDataModel.m */,
			);
			path = Model;
			sourceTree = "<group>";
		};
		B5B7D9CF29DADA8C008464C4 /* Tool */ = {
			isa = PBXGroup;
			children = (
				B5B7D9D029DADAAD008464C4 /* NetworkManager.h */,
				B5B7D9D129DADAAD008464C4 /* NetworkManager.m */,
			);
			path = Tool;
			sourceTree = "<group>";
		};
		B5C02FC429D5BAF200004953 = {
			isa = PBXGroup;
			children = (
				B5C02FCF29D5BAF200004953 /* MVP_ZhihuDaily */,
				B5C02FCE29D5BAF200004953 /* Products */,
				FF2D284A3D16F6A3544D246A /* Pods */,
				E2FED50C52CD4F8286CF9007 /* Frameworks */,
			);
			sourceTree = "<group>";
		};
		B5C02FCE29D5BAF200004953 /* Products */ = {
			isa = PBXGroup;
			children = (
				B5C02FCD29D5BAF200004953 /* MVP_ZhihuDaily.app */,
			);
			name = Products;
			sourceTree = "<group>";
		};
		B5C02FCF29D5BAF200004953 /* MVP_ZhihuDaily */ = {
			isa = PBXGroup;
			children = (
				B5B7D9C429DAD060008464C4 /* MainPage */,
				B5FE3A8229DF08DD00231578 /* Tools */,
				B5C02FEA29D5BD6900004953 /* Supporting Files */,
				B5C02FDC29D5BAF300004953 /* Assets.xcassets */,
				B5C02FE129D5BAF300004953 /* Info.plist */,
			);
			path = MVP_ZhihuDaily;
			sourceTree = "<group>";
		};
		B5C02FEA29D5BD6900004953 /* Supporting Files */ = {
			isa = PBXGroup;
			children = (
				B5C02FE929D5BD5900004953 /* PrefixHeader.pch */,
				B5C02FD029D5BAF200004953 /* AppDelegate.h */,
				B5C02FD129D5BAF200004953 /* AppDelegate.m */,
				B5C02FD929D5BAF200004953 /* Main.storyboard */,
				B5C02FDE29D5BAF300004953 /* LaunchScreen.storyboard */,
				B5C02FE229D5BAF300004953 /* main.m */,
			);
			path = "Supporting Files";
			sourceTree = "<group>";
		};
		B5FE3A7229DD6C3A00231578 /* Protocol */ = {
			isa = PBXGroup;
			children = (
				B5FE3A6E29DC585200231578 /* MainProtocol.h */,
				B5FE3A7329DD6CE300231578 /* NewsData.h */,
				B5FE3A7429DD6CE300231578 /* NewsData.m */,
			);
			path = Protocol;
			sourceTree = "<group>";
		};
		B5FE3A7C29DEEA3A00231578 /* cell */ = {
			isa = PBXGroup;
			children = (
				B5FE3A7629DDA4C700231578 /* MainTableViewCell.h */,
				B5FE3A7729DDA4C700231578 /* MainTableViewCell.m */,
			);
			path = cell;
			sourceTree = "<group>";
		};
		B5FE3A7D29DEEA4400231578 /* date */ = {
			isa = PBXGroup;
			children = (
				B5FE3A7929DEEA3300231578 /* DateHeaderView.h */,
				B5FE3A7A29DEEA3300231578 /* DateHeaderView.m */,
			);
			path = date;
			sourceTree = "<group>";
		};
		B5FE3A7E29DEFDD200231578 /* TopView */ = {
			isa = PBXGroup;
			children = (
				B5FE3A7F29DEFDE400231578 /* TopView.h */,
				B5FE3A8029DEFDE400231578 /* TopView.m */,
			);
			path = TopView;
			sourceTree = "<group>";
		};
		B5FE3A8229DF08DD00231578 /* Tools */ = {
			isa = PBXGroup;
			children = (
				B5FE3A8429DF08FE00231578 /* NSDate+Day.h */,
				B5FE3A8329DF08FE00231578 /* NSDate+Day.m */,
			);
			path = Tools;
			sourceTree = "<group>";
		};
		B5FE3A8629DFF15600231578 /* banner */ = {
			isa = PBXGroup;
			children = (
				B5FE3A8A29DFF19300231578 /* BannerCollectionView.h */,
				B5FE3A8B29DFF19300231578 /* BannerCollectionView.m */,
				B5FE3A8D29DFF3F600231578 /* cell */,
			);
			path = banner;
			sourceTree = "<group>";
		};
		B5FE3A8D29DFF3F600231578 /* cell */ = {
			isa = PBXGroup;
			children = (
				B5FE3A8E29DFF40B00231578 /* BannerCollectionViewCell.h */,
				B5FE3A8F29DFF40B00231578 /* BannerCollectionViewCell.m */,
			);
			path = cell;
			sourceTree = "<group>";
		};
		E2FED50C52CD4F8286CF9007 /* Frameworks */ = {
			isa = PBXGroup;
			children = (
				6718139F5D6AAE41EF3CA3AB /* Pods_MVP_ZhihuDaily.framework */,
			);
			name = Frameworks;
			sourceTree = "<group>";
		};
		FF2D284A3D16F6A3544D246A /* Pods */ = {
			isa = PBXGroup;
			children = (
				463DA45134D334838AE1D042 /* Pods-MVP_ZhihuDaily.debug.xcconfig */,
				0CA026635B163035039F8F4E /* Pods-MVP_ZhihuDaily.release.xcconfig */,
			);
			path = Pods;
			sourceTree = "<group>";
		};
/* End PBXGroup section */

/* Begin PBXNativeTarget section */
		B5C02FCC29D5BAF200004953 /* MVP_ZhihuDaily */ = {
			isa = PBXNativeTarget;
			buildConfigurationList = B5C02FE629D5BAF300004953 /* Build configuration list for PBXNativeTarget "MVP_ZhihuDaily" */;
			buildPhases = (
				1F4F206A11DC10DEE9699A9D /* [CP] Check Pods Manifest.lock */,
				B5C02FC929D5BAF200004953 /* Sources */,
				B5C02FCA29D5BAF200004953 /* Frameworks */,
				B5C02FCB29D5BAF200004953 /* Resources */,
				4081B13EE9E08FFFD6B9B879 /* [CP] Embed Pods Frameworks */,
			);
			buildRules = (
			);
			dependencies = (
			);
			name = MVP_ZhihuDaily;
			productName = MVP_ZhihuDaily;
			productReference = B5C02FCD29D5BAF200004953 /* MVP_ZhihuDaily.app */;
			productType = "com.apple.product-type.application";
		};
/* End PBXNativeTarget section */

/* Begin PBXProject section */
		B5C02FC529D5BAF200004953 /* Project object */ = {
			isa = PBXProject;
			attributes = {
				BuildIndependentTargetsInParallel = 1;
				LastUpgradeCheck = 1400;
				TargetAttributes = {
					B5C02FCC29D5BAF200004953 = {
						CreatedOnToolsVersion = 14.0.1;
					};
				};
			};
			buildConfigurationList = B5C02FC829D5BAF200004953 /* Build configuration list for PBXProject "MVP_ZhihuDaily" */;
			compatibilityVersion = "Xcode 14.0";
			developmentRegion = en;
			hasScannedForEncodings = 0;
			knownRegions = (
				en,
				Base,
			);
			mainGroup = B5C02FC429D5BAF200004953;
			productRefGroup = B5C02FCE29D5BAF200004953 /* Products */;
			projectDirPath = "";
			projectRoot = "";
			targets = (
				B5C02FCC29D5BAF200004953 /* MVP_ZhihuDaily */,
			);
		};
/* End PBXProject section */

/* Begin PBXResourcesBuildPhase section */
		B5C02FCB29D5BAF200004953 /* Resources */ = {
			isa = PBXResourcesBuildPhase;
			buildActionMask = 2147483647;
			files = (
				B5C02FE029D5BAF300004953 /* LaunchScreen.storyboard in Resources */,
				B5C02FDD29D5BAF300004953 /* Assets.xcassets in Resources */,
				B5C02FDB29D5BAF200004953 /* Main.storyboard in Resources */,
			);
			runOnlyForDeploymentPostprocessing = 0;
		};
/* End PBXResourcesBuildPhase section */

/* Begin PBXShellScriptBuildPhase section */
		1F4F206A11DC10DEE9699A9D /* [CP] Check Pods Manifest.lock */ = {
			isa = PBXShellScriptBuildPhase;
			buildActionMask = 2147483647;
			files = (
			);
			inputFileListPaths = (
			);
			inputPaths = (
				"${PODS_PODFILE_DIR_PATH}/Podfile.lock",
				"${PODS_ROOT}/Manifest.lock",
			);
			name = "[CP] Check Pods Manifest.lock";
			outputFileListPaths = (
			);
			outputPaths = (
				"$(DERIVED_FILE_DIR)/Pods-MVP_ZhihuDaily-checkManifestLockResult.txt",
			);
			runOnlyForDeploymentPostprocessing = 0;
			shellPath = /bin/sh;
			shellScript = "diff \"${PODS_PODFILE_DIR_PATH}/Podfile.lock\" \"${PODS_ROOT}/Manifest.lock\" > /dev/null\nif [ $? != 0 ] ; then\n    # print error to STDERR\n    echo \"error: The sandbox is not in sync with the Podfile.lock. Run 'pod install' or update your CocoaPods installation.\" >&2\n    exit 1\nfi\n# This output is used by Xcode 'outputs' to avoid re-running this script phase.\necho \"SUCCESS\" > \"${SCRIPT_OUTPUT_FILE_0}\"\n";
			showEnvVarsInLog = 0;
		};
		4081B13EE9E08FFFD6B9B879 /* [CP] Embed Pods Frameworks */ = {
			isa = PBXShellScriptBuildPhase;
			buildActionMask = 2147483647;
			files = (
			);
			inputFileListPaths = (
				"${PODS_ROOT}/Target Support Files/Pods-MVP_ZhihuDaily/Pods-MVP_ZhihuDaily-frameworks-${CONFIGURATION}-input-files.xcfilelist",
			);
			name = "[CP] Embed Pods Frameworks";
			outputFileListPaths = (
				"${PODS_ROOT}/Target Support Files/Pods-MVP_ZhihuDaily/Pods-MVP_ZhihuDaily-frameworks-${CONFIGURATION}-output-files.xcfilelist",
			);
			runOnlyForDeploymentPostprocessing = 0;
			shellPath = /bin/sh;
			shellScript = "\"${PODS_ROOT}/Target Support Files/Pods-MVP_ZhihuDaily/Pods-MVP_ZhihuDaily-frameworks.sh\"\n";
			showEnvVarsInLog = 0;
		};
/* End PBXShellScriptBuildPhase section */

/* Begin PBXSourcesBuildPhase section */
		B5C02FC929D5BAF200004953 /* Sources */ = {
			isa = PBXSourcesBuildPhase;
			buildActionMask = 2147483647;
			files = (
				B5FE3A6929DBEA9B00231578 /* NewsModel.m in Sources */,
				B5FE3A7829DDA4C700231578 /* MainTableViewCell.m in Sources */,
				B5FE3A9029DFF40B00231578 /* BannerCollectionViewCell.m in Sources */,
				B5B7D9C329DAD059008464C4 /* MainVC.m in Sources */,
				B5C02FD229D5BAF200004953 /* AppDelegate.m in Sources */,
				B5C02FE329D5BAF300004953 /* main.m in Sources */,
				B5B7D9D529DAFD89008464C4 /* DataModel.m in Sources */,
				B5B7D9DB29DB00E8008464C4 /* DayModel.m in Sources */,
				B5B7D9D829DAFE55008464C4 /* BannerDataModel.m in Sources */,
				B5FE3A8129DEFDE400231578 /* TopView.m in Sources */,
				B5B7D9D229DADAAD008464C4 /* NetworkManager.m in Sources */,
				B5FE3A8C29DFF19300231578 /* BannerCollectionView.m in Sources */,
				B5FE3A7B29DEEA3300231578 /* DateHeaderView.m in Sources */,
				B5FE3A8529DF08FE00231578 /* NSDate+Day.m in Sources */,
				B5FE3A7529DD6CE300231578 /* NewsData.m in Sources */,
				B5B7D9CD29DAD0F2008464C4 /* MainPresenter.m in Sources */,
			);
			runOnlyForDeploymentPostprocessing = 0;
		};
/* End PBXSourcesBuildPhase section */

/* Begin PBXVariantGroup section */
		B5C02FD929D5BAF200004953 /* Main.storyboard */ = {
			isa = PBXVariantGroup;
			children = (
				B5C02FDA29D5BAF200004953 /* Base */,
			);
			name = Main.storyboard;
			sourceTree = "<group>";
		};
		B5C02FDE29D5BAF300004953 /* LaunchScreen.storyboard */ = {
			isa = PBXVariantGroup;
			children = (
				B5C02FDF29D5BAF300004953 /* Base */,
			);
			name = LaunchScreen.storyboard;
			sourceTree = "<group>";
		};
/* End PBXVariantGroup section */

/* Begin XCBuildConfiguration section */
		B5C02FE429D5BAF300004953 /* Debug */ = {
			isa = XCBuildConfiguration;
			buildSettings = {
				ALWAYS_SEARCH_USER_PATHS = NO;
				CLANG_ANALYZER_NONNULL = YES;
				CLANG_ANALYZER_NUMBER_OBJECT_CONVERSION = YES_AGGRESSIVE;
				CLANG_CXX_LANGUAGE_STANDARD = "gnu++20";
				CLANG_ENABLE_MODULES = YES;
				CLANG_ENABLE_OBJC_ARC = YES;
				CLANG_ENABLE_OBJC_WEAK = YES;
				CLANG_WARN_BLOCK_CAPTURE_AUTORELEASING = YES;
				CLANG_WARN_BOOL_CONVERSION = YES;
				CLANG_WARN_COMMA = YES;
				CLANG_WARN_CONSTANT_CONVERSION = YES;
				CLANG_WARN_DEPRECATED_OBJC_IMPLEMENTATIONS = YES;
				CLANG_WARN_DIRECT_OBJC_ISA_USAGE = YES_ERROR;
				CLANG_WARN_DOCUMENTATION_COMMENTS = YES;
				CLANG_WARN_EMPTY_BODY = YES;
				CLANG_WARN_ENUM_CONVERSION = YES;
				CLANG_WARN_INFINITE_RECURSION = YES;
				CLANG_WARN_INT_CONVERSION = YES;
				CLANG_WARN_NON_LITERAL_NULL_CONVERSION = YES;
				CLANG_WARN_OBJC_IMPLICIT_RETAIN_SELF = YES;
				CLANG_WARN_OBJC_LITERAL_CONVERSION = YES;
				CLANG_WARN_OBJC_ROOT_CLASS = YES_ERROR;
				CLANG_WARN_QUOTED_INCLUDE_IN_FRAMEWORK_HEADER = YES;
				CLANG_WARN_RANGE_LOOP_ANALYSIS = YES;
				CLANG_WARN_STRICT_PROTOTYPES = YES;
				CLANG_WARN_SUSPICIOUS_MOVE = YES;
				CLANG_WARN_UNGUARDED_AVAILABILITY = YES_AGGRESSIVE;
				CLANG_WARN_UNREACHABLE_CODE = YES;
				CLANG_WARN__DUPLICATE_METHOD_MATCH = YES;
				COPY_PHASE_STRIP = NO;
				DEBUG_INFORMATION_FORMAT = dwarf;
				ENABLE_STRICT_OBJC_MSGSEND = YES;
				ENABLE_TESTABILITY = YES;
				GCC_C_LANGUAGE_STANDARD = gnu11;
				GCC_DYNAMIC_NO_PIC = NO;
				GCC_NO_COMMON_BLOCKS = YES;
				GCC_OPTIMIZATION_LEVEL = 0;
				GCC_PREPROCESSOR_DEFINITIONS = (
					"DEBUG=1",
					"$(inherited)",
				);
				GCC_WARN_64_TO_32_BIT_CONVERSION = YES;
				GCC_WARN_ABOUT_RETURN_TYPE = YES_ERROR;
				GCC_WARN_UNDECLARED_SELECTOR = YES;
				GCC_WARN_UNINITIALIZED_AUTOS = YES_AGGRESSIVE;
				GCC_WARN_UNUSED_FUNCTION = YES;
				GCC_WARN_UNUSED_VARIABLE = YES;
				IPHONEOS_DEPLOYMENT_TARGET = 16.0;
				MTL_ENABLE_DEBUG_INFO = INCLUDE_SOURCE;
				MTL_FAST_MATH = YES;
				ONLY_ACTIVE_ARCH = YES;
				SDKROOT = iphoneos;
			};
			name = Debug;
		};
		B5C02FE529D5BAF300004953 /* Release */ = {
			isa = XCBuildConfiguration;
			buildSettings = {
				ALWAYS_SEARCH_USER_PATHS = NO;
				CLANG_ANALYZER_NONNULL = YES;
				CLANG_ANALYZER_NUMBER_OBJECT_CONVERSION = YES_AGGRESSIVE;
				CLANG_CXX_LANGUAGE_STANDARD = "gnu++20";
				CLANG_ENABLE_MODULES = YES;
				CLANG_ENABLE_OBJC_ARC = YES;
				CLANG_ENABLE_OBJC_WEAK = YES;
				CLANG_WARN_BLOCK_CAPTURE_AUTORELEASING = YES;
				CLANG_WARN_BOOL_CONVERSION = YES;
				CLANG_WARN_COMMA = YES;
				CLANG_WARN_CONSTANT_CONVERSION = YES;
				CLANG_WARN_DEPRECATED_OBJC_IMPLEMENTATIONS = YES;
				CLANG_WARN_DIRECT_OBJC_ISA_USAGE = YES_ERROR;
				CLANG_WARN_DOCUMENTATION_COMMENTS = YES;
				CLANG_WARN_EMPTY_BODY = YES;
				CLANG_WARN_ENUM_CONVERSION = YES;
				CLANG_WARN_INFINITE_RECURSION = YES;
				CLANG_WARN_INT_CONVERSION = YES;
				CLANG_WARN_NON_LITERAL_NULL_CONVERSION = YES;
				CLANG_WARN_OBJC_IMPLICIT_RETAIN_SELF = YES;
				CLANG_WARN_OBJC_LITERAL_CONVERSION = YES;
				CLANG_WARN_OBJC_ROOT_CLASS = YES_ERROR;
				CLANG_WARN_QUOTED_INCLUDE_IN_FRAMEWORK_HEADER = YES;
				CLANG_WARN_RANGE_LOOP_ANALYSIS = YES;
				CLANG_WARN_STRICT_PROTOTYPES = YES;
				CLANG_WARN_SUSPICIOUS_MOVE = YES;
				CLANG_WARN_UNGUARDED_AVAILABILITY = YES_AGGRESSIVE;
				CLANG_WARN_UNREACHABLE_CODE = YES;
				CLANG_WARN__DUPLICATE_METHOD_MATCH = YES;
				COPY_PHASE_STRIP = NO;
				DEBUG_INFORMATION_FORMAT = "dwarf-with-dsym";
				ENABLE_NS_ASSERTIONS = NO;
				ENABLE_STRICT_OBJC_MSGSEND = YES;
				GCC_C_LANGUAGE_STANDARD = gnu11;
				GCC_NO_COMMON_BLOCKS = YES;
				GCC_WARN_64_TO_32_BIT_CONVERSION = YES;
				GCC_WARN_ABOUT_RETURN_TYPE = YES_ERROR;
				GCC_WARN_UNDECLARED_SELECTOR = YES;
				GCC_WARN_UNINITIALIZED_AUTOS = YES_AGGRESSIVE;
				GCC_WARN_UNUSED_FUNCTION = YES;
				GCC_WARN_UNUSED_VARIABLE = YES;
				IPHONEOS_DEPLOYMENT_TARGET = 16.0;
				MTL_ENABLE_DEBUG_INFO = NO;
				MTL_FAST_MATH = YES;
				SDKROOT = iphoneos;
				VALIDATE_PRODUCT = YES;
			};
			name = Release;
		};
		B5C02FE729D5BAF300004953 /* Debug */ = {
			isa = XCBuildConfiguration;
			baseConfigurationReference = 463DA45134D334838AE1D042 /* Pods-MVP_ZhihuDaily.debug.xcconfig */;
			buildSettings = {
				ASSETCATALOG_COMPILER_APPICON_NAME = AppIcon;
				ASSETCATALOG_COMPILER_GLOBAL_ACCENT_COLOR_NAME = AccentColor;
				CODE_SIGN_STYLE = Automatic;
				CURRENT_PROJECT_VERSION = 1;
				DEVELOPMENT_TEAM = W8HHV5LXJN;
				GCC_PREFIX_HEADER = "$(SRCROOT)/$(PROJECT_NAME)/Supporting Files/PrefixHeader.pch";
				GENERATE_INFOPLIST_FILE = YES;
				INFOPLIST_FILE = MVP_ZhihuDaily/Info.plist;
				INFOPLIST_KEY_UIApplicationSupportsIndirectInputEvents = YES;
				INFOPLIST_KEY_UILaunchStoryboardName = LaunchScreen;
				INFOPLIST_KEY_UIMainStoryboardFile = Main;
				INFOPLIST_KEY_UISupportedInterfaceOrientations_iPad = "UIInterfaceOrientationPortrait UIInterfaceOrientationPortraitUpsideDown UIInterfaceOrientationLandscapeLeft UIInterfaceOrientationLandscapeRight";
				INFOPLIST_KEY_UISupportedInterfaceOrientations_iPhone = "UIInterfaceOrientationPortrait UIInterfaceOrientationLandscapeLeft UIInterfaceOrientationLandscapeRight";
				IPHONEOS_DEPLOYMENT_TARGET = 14.0;
				LD_RUNPATH_SEARCH_PATHS = (
					"$(inherited)",
					"@executable_path/Frameworks",
				);
				MARKETING_VERSION = 1.0;
				PRODUCT_BUNDLE_IDENTIFIER = "sungkaikai.MVP-ZhihuDaily";
				PRODUCT_NAME = "$(TARGET_NAME)";
				SWIFT_EMIT_LOC_STRINGS = YES;
				TARGETED_DEVICE_FAMILY = "1,2";
			};
			name = Debug;
		};
		B5C02FE829D5BAF300004953 /* Release */ = {
			isa = XCBuildConfiguration;
			baseConfigurationReference = 0CA026635B163035039F8F4E /* Pods-MVP_ZhihuDaily.release.xcconfig */;
			buildSettings = {
				ASSETCATALOG_COMPILER_APPICON_NAME = AppIcon;
				ASSETCATALOG_COMPILER_GLOBAL_ACCENT_COLOR_NAME = AccentColor;
				CODE_SIGN_STYLE = Automatic;
				CURRENT_PROJECT_VERSION = 1;
				DEVELOPMENT_TEAM = W8HHV5LXJN;
				GCC_PREFIX_HEADER = "$(SRCROOT)/$(PROJECT_NAME)/Supporting Files/PrefixHeader.pch";
				GENERATE_INFOPLIST_FILE = YES;
				INFOPLIST_FILE = MVP_ZhihuDaily/Info.plist;
				INFOPLIST_KEY_UIApplicationSupportsIndirectInputEvents = YES;
				INFOPLIST_KEY_UILaunchStoryboardName = LaunchScreen;
				INFOPLIST_KEY_UIMainStoryboardFile = Main;
				INFOPLIST_KEY_UISupportedInterfaceOrientations_iPad = "UIInterfaceOrientationPortrait UIInterfaceOrientationPortraitUpsideDown UIInterfaceOrientationLandscapeLeft UIInterfaceOrientationLandscapeRight";
				INFOPLIST_KEY_UISupportedInterfaceOrientations_iPhone = "UIInterfaceOrientationPortrait UIInterfaceOrientationLandscapeLeft UIInterfaceOrientationLandscapeRight";
				IPHONEOS_DEPLOYMENT_TARGET = 14.0;
				LD_RUNPATH_SEARCH_PATHS = (
					"$(inherited)",
					"@executable_path/Frameworks",
				);
				MARKETING_VERSION = 1.0;
				PRODUCT_BUNDLE_IDENTIFIER = "sungkaikai.MVP-ZhihuDaily";
				PRODUCT_NAME = "$(TARGET_NAME)";
				SWIFT_EMIT_LOC_STRINGS = YES;
				TARGETED_DEVICE_FAMILY = "1,2";
			};
			name = Release;
		};
/* End XCBuildConfiguration section */

/* Begin XCConfigurationList section */
		B5C02FC829D5BAF200004953 /* Build configuration list for PBXProject "MVP_ZhihuDaily" */ = {
			isa = XCConfigurationList;
			buildConfigurations = (
				B5C02FE429D5BAF300004953 /* Debug */,
				B5C02FE529D5BAF300004953 /* Release */,
			);
			defaultConfigurationIsVisible = 0;
			defaultConfigurationName = Release;
		};
		B5C02FE629D5BAF300004953 /* Build configuration list for PBXNativeTarget "MVP_ZhihuDaily" */ = {
			isa = XCConfigurationList;
			buildConfigurations = (
				B5C02FE729D5BAF300004953 /* Debug */,
				B5C02FE829D5BAF300004953 /* Release */,
			);
			defaultConfigurationIsVisible = 0;
			defaultConfigurationName = Release;
		};
/* End XCConfigurationList section */
	};
	rootObject = B5C02FC529D5BAF200004953 /* Project object */;
}
